// !$*UTF8*$!
{
	archiveVersion = 1;
	classes = {
	};
	objectVersion = 56;
	objects = {

/* Begin PBXBuildFile section */
		0A0000012C00000000000000 /* AppEntry.swift in Sources */ = {isa = PBXBuildFile; fileRef = 0A0001012C00000000000000 /* AppEntry.swift */; };
		0A0000022C00000000000000 /* AppSettings.swift in Sources */ = {isa = PBXBuildFile; fileRef = 0A0001022C00000000000000 /* AppSettings.swift */; };
		0A0000032C00000000000000 /* CalendarViews.swift in Sources */ = {isa = PBXBuildFile; fileRef = 0A0001032C00000000000000 /* CalendarViews.swift */; };
		0A0000042C00000000000000 /* CodexUsageScanner.swift in Sources */ = {isa = PBXBuildFile; fileRef = 0A0001042C00000000000000 /* CodexUsageScanner.swift */; };
		0A0000052C00000000000000 /* Components.swift in Sources */ = {isa = PBXBuildFile; fileRef = 0A0001052C00000000000000 /* Components.swift */; };
		0A0000062C00000000000000 /* DashboardView.swift in Sources */ = {isa = PBXBuildFile; fileRef = 0A0001062C00000000000000 /* DashboardView.swift */; };
		0A0000072C00000000000000 /* DomainModels.swift in Sources */ = {isa = PBXBuildFile; fileRef = 0A0001072C00000000000000 /* DomainModels.swift */; };
		0A0000082C00000000000000 /* LocalUsageViews.swift in Sources */ = {isa = PBXBuildFile; fileRef = 0A0001082C00000000000000 /* LocalUsageViews.swift */; };
		0A0000092C00000000000000 /* QuotaViews.swift in Sources */ = {isa = PBXBuildFile; fileRef = 0A0001092C00000000000000 /* QuotaViews.swift */; };
		0A00000A2C00000000000000 /* SettingsViews.swift in Sources */ = {isa = PBXBuildFile; fileRef = 0A00010A2C00000000000000 /* SettingsViews.swift */; };
		0A00000B2C00000000000000 /* UsageDatabase.swift in Sources */ = {isa = PBXBuildFile; fileRef = 0A00010B2C00000000000000 /* UsageDatabase.swift */; };
		0A00000C2C00000000000000 /* UsageViewModel.swift in Sources */ = {isa = PBXBuildFile; fileRef = 0A00010C2C00000000000000 /* UsageViewModel.swift */; };
		0A00000D2C00000000000000 /* Utilities.swift in Sources */ = {isa = PBXBuildFile; fileRef = 0A00010D2C00000000000000 /* Utilities.swift */; };
		0A00000E2C00000000000000 /* MenuBarIcon.svg in Resources */ = {isa = PBXBuildFile; fileRef = 0A00010E2C00000000000000 /* MenuBarIcon.svg */; };
		0A00000F2C00000000000000 /* libsqlite3.tbd in Frameworks */ = {isa = PBXBuildFile; fileRef = 0A00010F2C00000000000000 /* libsqlite3.tbd */; };
		0A0000102C00000000000000 /* Assets.xcassets in Resources */ = {isa = PBXBuildFile; fileRef = 0A0001122C00000000000000 /* Assets.xcassets */; };
/* End PBXBuildFile section */

/* Begin PBXFileReference section */
		0A0001012C00000000000000 /* AppEntry.swift */ = {isa = PBXFileReference; lastKnownFileType = sourcecode.swift; path = AppEntry.swift; sourceTree = "<group>"; };
		0A0001022C00000000000000 /* AppSettings.swift */ = {isa = PBXFileReference; lastKnownFileType = sourcecode.swift; path = AppSettings.swift; sourceTree = "<group>"; };
		0A0001032C00000000000000 /* CalendarViews.swift */ = {isa = PBXFileReference; lastKnownFileType = sourcecode.swift; path = CalendarViews.swift; sourceTree = "<group>"; };
		0A0001042C00000000000000 /* CodexUsageScanner.swift */ = {isa = PBXFileReference; lastKnownFileType = sourcecode.swift; path = CodexUsageScanner.swift; sourceTree = "<group>"; };
		0A0001052C00000000000000 /* Components.swift */ = {isa = PBXFileReference; lastKnownFileType = sourcecode.swift; path = Components.swift; sourceTree = "<group>"; };
		0A0001062C00000000000000 /* DashboardView.swift */ = {isa = PBXFileReference; lastKnownFileType = sourcecode.swift; path = DashboardView.swift; sourceTree = "<group>"; };
		0A0001072C00000000000000 /* DomainModels.swift */ = {isa = PBXFileReference; lastKnownFileType = sourcecode.swift; path = DomainModels.swift; sourceTree = "<group>"; };
		0A0001082C00000000000000 /* LocalUsageViews.swift */ = {isa = PBXFileReference; lastKnownFileType = sourcecode.swift; path = LocalUsageViews.swift; sourceTree = "<group>"; };
		0A0001092C00000000000000 /* QuotaViews.swift */ = {isa = PBXFileReference; lastKnownFileType = sourcecode.swift; path = QuotaViews.swift; sourceTree = "<group>"; };
		0A00010A2C00000000000000 /* SettingsViews.swift */ = {isa = PBXFileReference; lastKnownFileType = sourcecode.swift; path = SettingsViews.swift; sourceTree = "<group>"; };
		0A00010B2C00000000000000 /* UsageDatabase.swift */ = {isa = PBXFileReference; lastKnownFileType = sourcecode.swift; path = UsageDatabase.swift; sourceTree = "<group>"; };
		0A00010C2C00000000000000 /* UsageViewModel.swift */ = {isa = PBXFileReference; lastKnownFileType = sourcecode.swift; path = UsageViewModel.swift; sourceTree = "<group>"; };
		0A00010D2C00000000000000 /* Utilities.swift */ = {isa = PBXFileReference; lastKnownFileType = sourcecode.swift; path = Utilities.swift; sourceTree = "<group>"; };
		0A00010E2C00000000000000 /* MenuBarIcon.svg */ = {isa = PBXFileReference; lastKnownFileType = text.xml; path = MenuBarIcon.svg; sourceTree = "<group>"; };
		0A00010F2C00000000000000 /* libsqlite3.tbd */ = {isa = PBXFileReference; lastKnownFileType = "sourcecode.text-based-dylib-definition"; name = libsqlite3.tbd; path = usr/lib/libsqlite3.tbd; sourceTree = SDKROOT; };
		0A0001102C00000000000000 /* Info.plist */ = {isa = PBXFileReference; lastKnownFileType = text.plist.xml; path = Info.plist; sourceTree = "<group>"; };
		0A0001112C00000000000000 /* CodexUsage.app */ = {isa = PBXFileReference; explicitFileType = wrapper.application; includeInIndex = 0; path = CodexUsage.app; sourceTree = BUILT_PRODUCTS_DIR; };
		0A0001122C00000000000000 /* Assets.xcassets */ = {isa = PBXFileReference; lastKnownFileType = folder.assetcatalog; path = Assets.xcassets; sourceTree = "<group>"; };
/* End PBXFileReference section */

/* Begin PBXFrameworksBuildPhase section */
		0A0002012C00000000000000 /* Frameworks */ = {
			isa = PBXFrameworksBuildPhase;
			buildActionMask = 2147483647;
			files = (
				0A00000F2C00000000000000 /* libsqlite3.tbd in Frameworks */,
			);
			runOnlyForDeploymentPostprocessing = 0;
		};
/* End PBXFrameworksBuildPhase section */

/* Begin PBXGroup section */
		0A0003012C00000000000000 = {
			isa = PBXGroup;
			children = (
				0A0003022C00000000000000 /* CodexUsage */,
				0A0003032C00000000000000 /* Frameworks */,
				0A0003042C00000000000000 /* Products */,
			);
			sourceTree = "<group>";
		};
		0A0003022C00000000000000 /* CodexUsage */ = {
			isa = PBXGroup;
			children = (
				0A0001012C00000000000000 /* AppEntry.swift */,
				0A0001022C00000000000000 /* AppSettings.swift */,
				0A0001032C00000000000000 /* CalendarViews.swift */,
				0A0001042C00000000000000 /* CodexUsageScanner.swift */,
				0A0001052C00000000000000 /* Components.swift */,
				0A0001062C00000000000000 /* DashboardView.swift */,
				0A0001072C00000000000000 /* DomainModels.swift */,
				0A0001082C00000000000000 /* LocalUsageViews.swift */,
				0A0001092C00000000000000 /* QuotaViews.swift */,
				0A00010A2C00000000000000 /* SettingsViews.swift */,
				0A00010B2C00000000000000 /* UsageDatabase.swift */,
				0A00010C2C00000000000000 /* UsageViewModel.swift */,
				0A00010D2C00000000000000 /* Utilities.swift */,
				0A0001122C00000000000000 /* Assets.xcassets */,
				0A0003052C00000000000000 /* Resources */,
				0A0001102C00000000000000 /* Info.plist */,
			);
			path = CodexUsage;
			sourceTree = "<group>";
		};
		0A0003032C00000000000000 /* Frameworks */ = {
			isa = PBXGroup;
			children = (
				0A00010F2C00000000000000 /* libsqlite3.tbd */,
			);
			name = Frameworks;
			sourceTree = "<group>";
		};
		0A0003042C00000000000000 /* Products */ = {
			isa = PBXGroup;
			children = (
				0A0001112C00000000000000 /* CodexUsage.app */,
			);
			name = Products;
			sourceTree = "<group>";
		};
		0A0003052C00000000000000 /* Resources */ = {
			isa = PBXGroup;
			children = (
				0A00010E2C00000000000000 /* MenuBarIcon.svg */,
			);
			path = Resources;
			sourceTree = "<group>";
		};
/* End PBXGroup section */

/* Begin PBXNativeTarget section */
		0A0004012C00000000000000 /* CodexUsage */ = {
			isa = PBXNativeTarget;
			buildConfigurationList = 0A0005012C00000000000000 /* Build configuration list for PBXNativeTarget "CodexUsage" */;
			buildPhases = (
				0A0002022C00000000000000 /* Sources */,
				0A0002012C00000000000000 /* Frameworks */,
				0A0002032C00000000000000 /* Resources */,
			);
			buildRules = (
			);
			dependencies = (
			);
			name = CodexUsage;
			productName = CodexUsage;
			productReference = 0A0001112C00000000000000 /* CodexUsage.app */;
			productType = "com.apple.product-type.application";
		};
/* End PBXNativeTarget section */

/* Begin PBXProject section */
		0A0004022C00000000000000 /* Project object */ = {
			isa = PBXProject;
			attributes = {
				BuildIndependentTargetsInParallel = 1;
				LastSwiftUpdateCheck = 1600;
				LastUpgradeCheck = 1600;
				TargetAttributes = {
					0A0004012C00000000000000 = {
						CreatedOnToolsVersion = 16.0;
					};
				};
			};
			buildConfigurationList = 0A0005022C00000000000000 /* Build configuration list for PBXProject "CodexUsage" */;
			compatibilityVersion = "Xcode 14.0";
			developmentRegion = en;
			hasScannedForEncodings = 0;
			knownRegions = (
				en,
				Base,
			);
			mainGroup = 0A0003012C00000000000000;
			productRefGroup = 0A0003042C00000000000000 /* Products */;
			projectDirPath = "";
			projectRoot = "";
			targets = (
				0A0004012C00000000000000 /* CodexUsage */,
			);
		};
/* End PBXProject section */

/* Begin PBXResourcesBuildPhase section */
		0A0002032C00000000000000 /* Resources */ = {
			isa = PBXResourcesBuildPhase;
			buildActionMask = 2147483647;
			files = (
				0A0000102C00000000000000 /* Assets.xcassets in Resources */,
				0A00000E2C00000000000000 /* MenuBarIcon.svg in Resources */,
			);
			runOnlyForDeploymentPostprocessing = 0;
		};
/* End PBXResourcesBuildPhase section */

/* Begin PBXSourcesBuildPhase section */
		0A0002022C00000000000000 /* Sources */ = {
			isa = PBXSourcesBuildPhase;
			buildActionMask = 2147483647;
			files = (
				0A0000012C00000000000000 /* AppEntry.swift in Sources */,
				0A0000022C00000000000000 /* AppSettings.swift in Sources */,
				0A0000032C00000000000000 /* CalendarViews.swift in Sources */,
				0A0000042C00000000000000 /* CodexUsageScanner.swift in Sources */,
				0A0000052C00000000000000 /* Components.swift in Sources */,
				0A0000062C00000000000000 /* DashboardView.swift in Sources */,
				0A0000072C00000000000000 /* DomainModels.swift in Sources */,
				0A0000082C00000000000000 /* LocalUsageViews.swift in Sources */,
				0A0000092C00000000000000 /* QuotaViews.swift in Sources */,
				0A00000A2C00000000000000 /* SettingsViews.swift in Sources */,
				0A00000B2C00000000000000 /* UsageDatabase.swift in Sources */,
				0A00000C2C00000000000000 /* UsageViewModel.swift in Sources */,
				0A00000D2C00000000000000 /* Utilities.swift in Sources */,
			);
			runOnlyForDeploymentPostprocessing = 0;
		};
/* End PBXSourcesBuildPhase section */

/* Begin XCBuildConfiguration section */
		0A0006012C00000000000000 /* Debug */ = {
			isa = XCBuildConfiguration;
			buildSettings = {
				ALWAYS_SEARCH_USER_PATHS = NO;
				CLANG_ANALYZER_NONNULL = YES;
				CLANG_ANALYZER_NUMBER_OBJECT_CONVERSION = YES_AGGRESSIVE;
				CLANG_CXX_LANGUAGE_STANDARD = "gnu++20";
				CLANG_ENABLE_MODULES = YES;
				CLANG_ENABLE_OBJC_ARC = YES;
				CLANG_ENABLE_OBJC_WEAK = YES;
				CLANG_WARN_BLOCK_CAPTURE_AUTORELEASING = YES;
				CLANG_WARN_BOOL_CONVERSION = YES;
				CLANG_WARN_COMMA = YES;
				CLANG_WARN_CONSTANT_CONVERSION = YES;
				CLANG_WARN_DEPRECATED_OBJC_IMPLEMENTATIONS = YES;
				CLANG_WARN_DIRECT_OBJC_ISA_USAGE = YES_ERROR;
				CLANG_WARN_DOCUMENTATION_COMMENTS = YES;
				CLANG_WARN_EMPTY_BODY = YES;
				CLANG_WARN_ENUM_CONVERSION = YES;
				CLANG_WARN_INFINITE_RECURSION = YES;
				CLANG_WARN_INT_CONVERSION = YES;
				CLANG_WARN_NON_LITERAL_NULL_CONVERSION = YES;
				CLANG_WARN_OBJC_IMPLICIT_RETAIN_SELF = YES;
				CLANG_WARN_OBJC_LITERAL_CONVERSION = YES;
				CLANG_WARN_OBJC_ROOT_CLASS = YES_ERROR;
				CLANG_WARN_QUOTED_INCLUDE_IN_FRAMEWORK_HEADER = YES;
				CLANG_WARN_RANGE_LOOP_ANALYSIS = YES;
				CLANG_WARN_STRICT_PROTOTYPES = YES;
				CLANG_WARN_SUSPICIOUS_MOVE = YES;
				CLANG_WARN_UNGUARDED_AVAILABILITY = YES_AGGRESSIVE;
				CLANG_WARN_UNREACHABLE_CODE = YES;
				CLANG_WARN__DUPLICATE_METHOD_MATCH = YES;
				COPY_PHASE_STRIP = NO;
				DEBUG_INFORMATION_FORMAT = dwarf;
				ENABLE_STRICT_OBJC_MSGSEND = YES;
				ENABLE_TESTABILITY = YES;
				ENABLE_USER_SCRIPT_SANDBOXING = YES;
				GCC_C_LANGUAGE_STANDARD = gnu17;
				GCC_DYNAMIC_NO_PIC = NO;
				GCC_NO_COMMON_BLOCKS = YES;
				GCC_OPTIMIZATION_LEVEL = 0;
				GCC_PREPROCESSOR_DEFINITIONS = (
					"DEBUG=1",
					"$(inherited)",
				);
				GCC_WARN_64_TO_32_BIT_CONVERSION = YES;
				GCC_WARN_ABOUT_RETURN_TYPE = YES_ERROR;
				GCC_WARN_UNDECLARED_SELECTOR = YES;
				GCC_WARN_UNINITIALIZED_AUTOS = YES_AGGRESSIVE;
				GCC_WARN_UNUSED_FUNCTION = YES;
				GCC_WARN_UNUSED_VARIABLE = YES;
				MACOSX_DEPLOYMENT_TARGET = 14.0;
				MTL_ENABLE_DEBUG_INFO = INCLUDE_SOURCE;
				MTL_FAST_MATH = YES;
				ONLY_ACTIVE_ARCH = YES;
				SDKROOT = macosx;
				SWIFT_ACTIVE_COMPILATION_CONDITIONS = "DEBUG $(inherited)";
				SWIFT_OPTIMIZATION_LEVEL = "-Onone";
			};
			name = Debug;
		};
		0A0006022C00000000000000 /* Release */ = {
			isa = XCBuildConfiguration;
			buildSettings = {
				ALWAYS_SEARCH_USER_PATHS = NO;
				CLANG_ANALYZER_NONNULL = YES;
				CLANG_ANALYZER_NUMBER_OBJECT_CONVERSION = YES_AGGRESSIVE;
				CLANG_CXX_LANGUAGE_STANDARD = "gnu++20";
				CLANG_ENABLE_MODULES = YES;
				CLANG_ENABLE_OBJC_ARC = YES;
				CLANG_ENABLE_OBJC_WEAK = YES;
				CLANG_WARN_BLOCK_CAPTURE_AUTORELEASING = YES;
				CLANG_WARN_BOOL_CONVERSION = YES;
				CLANG_WARN_COMMA = YES;
				CLANG_WARN_CONSTANT_CONVERSION = YES;
				CLANG_WARN_DEPRECATED_OBJC_IMPLEMENTATIONS = YES;
				CLANG_WARN_DIRECT_OBJC_ISA_USAGE = YES_ERROR;
				CLANG_WARN_DOCUMENTATION_COMMENTS = YES;
				CLANG_WARN_EMPTY_BODY = YES;
				CLANG_WARN_ENUM_CONVERSION = YES;
				CLANG_WARN_INFINITE_RECURSION = YES;
				CLANG_WARN_INT_CONVERSION = YES;
				CLANG_WARN_NON_LITERAL_NULL_CONVERSION = YES;
				CLANG_WARN_OBJC_IMPLICIT_RETAIN_SELF = YES;
				CLANG_WARN_OBJC_LITERAL_CONVERSION = YES;
				CLANG_WARN_OBJC_ROOT_CLASS = YES_ERROR;
				CLANG_WARN_QUOTED_INCLUDE_IN_FRAMEWORK_HEADER = YES;
				CLANG_WARN_RANGE_LOOP_ANALYSIS = YES;
				CLANG_WARN_STRICT_PROTOTYPES = YES;
				CLANG_WARN_SUSPICIOUS_MOVE = YES;
				CLANG_WARN_UNGUARDED_AVAILABILITY = YES_AGGRESSIVE;
				CLANG_WARN_UNREACHABLE_CODE = YES;
				CLANG_WARN__DUPLICATE_METHOD_MATCH = YES;
				COPY_PHASE_STRIP = NO;
				DEBUG_INFORMATION_FORMAT = "dwarf-with-dsym";
				ENABLE_NS_ASSERTIONS = NO;
				ENABLE_STRICT_OBJC_MSGSEND = YES;
				ENABLE_USER_SCRIPT_SANDBOXING = YES;
				GCC_C_LANGUAGE_STANDARD = gnu17;
				GCC_NO_COMMON_BLOCKS = YES;
				GCC_WARN_64_TO_32_BIT_CONVERSION = YES;
				GCC_WARN_ABOUT_RETURN_TYPE = YES_ERROR;
				GCC_WARN_UNDECLARED_SELECTOR = YES;
				GCC_WARN_UNINITIALIZED_AUTOS = YES_AGGRESSIVE;
				GCC_WARN_UNUSED_FUNCTION = YES;
				GCC_WARN_UNUSED_VARIABLE = YES;
				MACOSX_DEPLOYMENT_TARGET = 14.0;
				MTL_ENABLE_DEBUG_INFO = NO;
				MTL_FAST_MATH = YES;
				SDKROOT = macosx;
				SWIFT_COMPILATION_MODE = wholemodule;
				SWIFT_OPTIMIZATION_LEVEL = "-O";
				VALIDATE_PRODUCT = YES;
			};
			name = Release;
		};
		0A0006032C00000000000000 /* Debug */ = {
			isa = XCBuildConfiguration;
			buildSettings = {
				ASSETCATALOG_COMPILER_APPICON_NAME = AppIcon;
				CODE_SIGN_IDENTITY = "-";
				CODE_SIGN_STYLE = Automatic;
				COMBINE_HIDPI_IMAGES = YES;
				CURRENT_PROJECT_VERSION = 6;
				DEVELOPMENT_TEAM = "";
				GENERATE_INFOPLIST_FILE = NO;
				INFOPLIST_FILE = CodexUsage/Info.plist;
				LD_RUNPATH_SEARCH_PATHS = (
					"$(inherited)",
					"@executable_path/../Frameworks",
				);
				MACOSX_DEPLOYMENT_TARGET = 14.0;
				MARKETING_VERSION = 0.6.0;
				PRODUCT_BUNDLE_IDENTIFIER = com.songcbo.CodexUsage;
				PRODUCT_NAME = CodexUsage;
				SWIFT_EMIT_LOC_STRINGS = YES;
				SWIFT_VERSION = 6.0;
			};
			name = Debug;
		};
		0A0006042C00000000000000 /* Release */ = {
			isa = XCBuildConfiguration;
			buildSettings = {
				ASSETCATALOG_COMPILER_APPICON_NAME = AppIcon;
				CODE_SIGN_IDENTITY = "-";
				CODE_SIGN_STYLE = Automatic;
				COMBINE_HIDPI_IMAGES = YES;
				CURRENT_PROJECT_VERSION = 6;
				DEVELOPMENT_TEAM = "";
				GENERATE_INFOPLIST_FILE = NO;
				INFOPLIST_FILE = CodexUsage/Info.plist;
				LD_RUNPATH_SEARCH_PATHS = (
					"$(inherited)",
					"@executable_path/../Frameworks",
				);
				MACOSX_DEPLOYMENT_TARGET = 14.0;
				MARKETING_VERSION = 0.6.0;
				PRODUCT_BUNDLE_IDENTIFIER = com.songcbo.CodexUsage;
				PRODUCT_NAME = CodexUsage;
				SWIFT_EMIT_LOC_STRINGS = YES;
				SWIFT_VERSION = 6.0;
			};
			name = Release;
		};
/* End XCBuildConfiguration section */

/* Begin XCConfigurationList section */
		0A0005012C00000000000000 /* Build configuration list for PBXNativeTarget "CodexUsage" */ = {
			isa = XCConfigurationList;
			buildConfigurations = (
				0A0006032C00000000000000 /* Debug */,
				0A0006042C00000000000000 /* Release */,
			);
			defaultConfigurationIsVisible = 0;
			defaultConfigurationName = Release;
		};
		0A0005022C00000000000000 /* Build configuration list for PBXProject "CodexUsage" */ = {
			isa = XCConfigurationList;
			buildConfigurations = (
				0A0006012C00000000000000 /* Debug */,
				0A0006022C00000000000000 /* Release */,
			);
			defaultConfigurationIsVisible = 0;
			defaultConfigurationName = Release;
		};
/* End XCConfigurationList section */
	};
	rootObject = 0A0004022C00000000000000 /* Project object */;
}
